version = 1
requires-python = ">=3.7"

[[package]]
name = "argparse"
version = "1.4.0"
source = { registry = "https://pypi.org/simple" }
sdist = { url = "https://files.pythonhosted.org/packages/18/dd/e617cfc3f6210ae183374cd9f6a26b20514bbb5a792af97949c5aacddf0f/argparse-1.4.0.tar.gz", hash = "sha256:62b089a55be1d8949cd2bc7e0df0bddb9e028faefc8c32038cc84862aefdd6e4", size = 70508 }
wheels = [
    { url = "https://files.pythonhosted.org/packages/f2/94/3af39d34be01a24a6e65433d19e107099374224905f1e0cc6bbe1fd22a2f/argparse-1.4.0-py2.py3-none-any.whl", hash = "sha256:c31647edb69fd3d465a847ea3157d37bed1f95f19760b11a47aa91c04b666314", size = 23000 },
]

[[package]]
name = "inotify-simple"
version = "1.3.5"
source = { registry = "https://pypi.org/simple" }
sdist = { url = "https://files.pythonhosted.org/packages/51/41/59ca6011f5463d5e5eefcfed2e7fe470922d3a958b7f3aad95eda208d7d3/inotify_simple-1.3.5.tar.gz", hash = "sha256:8440ffe49c4ae81a8df57c1ae1eb4b6bfa7acb830099bfb3e305b383005cc128", size = 9747 }

[[package]]
name = "multicmd"
version = "1.28"
source = { registry = "https://pypi.org/simple" }
dependencies = [
    { name = "argparse" },
]
sdist = { url = "https://files.pythonhosted.org/packages/ec/5b/93a48d15b4aba0051740d7c2000f87cd080114f80004434eff85845e2969/multicmd-1.28.tar.gz", hash = "sha256:dcf29fd169954c86e0b8cd0e972a528bab0a19491ca478449cbe41517788cb8b", size = 9556 }
wheels = [
    { url = "https://files.pythonhosted.org/packages/a5/7b/949e3d1c11db7ef88c7f937b717c884e74700f556072118624bff2eb9f1b/multicmd-1.28-py3-none-any.whl", hash = "sha256:a7bf8d26a888cfafe4784f3a43cb97b7e734199b1230c31256c74374d7b2454b", size = 9905 },
]

[[package]]
name = "python-dateutil"
version = "2.9.0.post0"
source = { registry = "https://pypi.org/simple" }
dependencies = [
    { name = "six" },
]
sdist = { url = "https://files.pythonhosted.org/packages/66/c0/0c8b6ad9f17a802ee498c46e004a0eb49bc148f2fd230864601a86dcf6db/python-dateutil-2.9.0.post0.tar.gz", hash = "sha256:37dd54208da7e1cd875388217d5e00ebd4179249f90fb72437e91a35459a0ad3", size = 342432 }
wheels = [
    { url = "https://files.pythonhosted.org/packages/ec/57/56b9bcc3c9c6a792fcbaf139543cee77261f3651ca9da0c93f5c1221264b/python_dateutil-2.9.0.post0-py2.py3-none-any.whl", hash = "sha256:a8b2bc7bffae282281c8140a97d3aa9c14da0b136dfe83f850eea9a5f7470427", size = 229892 },
]

[[package]]
name = "reverberator"
version = "0.1"
source = { virtual = "." }
dependencies = [
    { name = "argparse" },
    { name = "inotify-simple" },
    { name = "multicmd" },
    { name = "tee-logger" },
    { name = "tsvz" },
    { name = "xxhash" },
]

[package.metadata]
requires-dist = [
    { name = "argparse", specifier = ">=1.4.0" },
    { name = "inotify-simple", specifier = ">=1.3.5" },
    { name = "multicmd", specifier = ">=1.20" },
    { name = "tee-logger", specifier = ">=6.24" },
    { name = "tsvz", specifier = ">=3.13" },
    { name = "xxhash", specifier = ">=3.5.0" },
]

[[package]]
name = "six"
version = "1.17.0"
source = { registry = "https://pypi.org/simple" }
sdist = { url = "https://files.pythonhosted.org/packages/94/e7/b2c673351809dca68a0e064b6af791aa332cf192da575fd474ed7d6f16a2/six-1.17.0.tar.gz", hash = "sha256:ff70335d468e7eb6ec65b95b99d3a2836546063f63acc5171de367e834932a81", size = 34031 }
wheels = [
    { url = "https://files.pythonhosted.org/packages/b7/ce/149a00dd41f10bc29e5921b496af8b574d8413afcd5e30dfa0ed46c2cc5e/six-1.17.0-py2.py3-none-any.whl", hash = "sha256:4721f391ed90541fddacab5acf947aa0d3dc7d27b2e1e8eda2be8970586c3274", size = 11050 },
]

[[package]]
name = "tee-logger"
version = "6.30"
source = { registry = "https://pypi.org/simple" }
dependencies = [
    { name = "python-dateutil" },
]
sdist = { url = "https://files.pythonhosted.org/packages/59/6e/c150a588dfe304a01c9889378a22c7f2d477e7bc283f7c66c6c7e3b532ff/tee_logger-6.30.tar.gz", hash = "sha256:92fb7e1ee5ae17d920ff5bd24f66cf56977c1c29e609cc3063498ae8fd8e747a", size = 10360 }
wheels = [
    { url = "https://files.pythonhosted.org/packages/db/43/2488e30c99c44397d47006fdf86a96aea893b5af128fe43f1deb589cf848/tee_logger-6.30-py3-none-any.whl", hash = "sha256:d9245fbf53120802abc56519a498674a08aa3bc4286d4f6cf8805fe0b2825a5d", size = 8454 },
]

[[package]]
name = "tsvz"
version = "3.24"
source = { registry = "https://pypi.org/simple" }
sdist = { url = "https://files.pythonhosted.org/packages/d8/7f/afc14201fda8a4571fb965db1272d164359a2f93388da2f14a183da93487/tsvz-3.24.tar.gz", hash = "sha256:436297f6a846477499f3b11b6b5232896b4db5c07327c213fdf437d646b91a84", size = 15067 }
wheels = [
    { url = "https://files.pythonhosted.org/packages/c1/b0/49cff7c11cf1bb0d35a73bbf36a4d0dcab682667f8223243684fb951fac5/tsvz-3.24-py3-none-any.whl", hash = "sha256:ca979eecd2e059c72a8198eee6fa10f439b9b5ed9b09e7d9515a47f463e23e81", size = 15076 },
]

[[package]]
name = "xxhash"
version = "3.5.0"
source = { registry = "https://pypi.org/simple" }
sdist = { url = "https://files.pythonhosted.org/packages/00/5e/d6e5258d69df8b4ed8c83b6664f2b47d30d2dec551a29ad72a6c69eafd31/xxhash-3.5.0.tar.gz", hash = "sha256:84f2caddf951c9cbf8dc2e22a89d4ccf5d86391ac6418fe81e3c67d0cf60b45f", size = 84241 }
wheels = [
    { url = "https://files.pythonhosted.org/packages/bb/8a/0e9feca390d512d293afd844d31670e25608c4a901e10202aa98785eab09/xxhash-3.5.0-cp310-cp310-macosx_10_9_x86_64.whl", hash = "sha256:ece616532c499ee9afbb83078b1b952beffef121d989841f7f4b3dc5ac0fd212", size = 31970 },
    { url = "https://files.pythonhosted.org/packages/16/e6/be5aa49580cd064a18200ab78e29b88b1127e1a8c7955eb8ecf81f2626eb/xxhash-3.5.0-cp310-cp310-macosx_11_0_arm64.whl", hash = "sha256:3171f693dbc2cef6477054a665dc255d996646b4023fe56cb4db80e26f4cc520", size = 30801 },
    { url = "https://files.pythonhosted.org/packages/20/ee/b8a99ebbc6d1113b3a3f09e747fa318c3cde5b04bd9c197688fadf0eeae8/xxhash-3.5.0-cp310-cp310-manylinux_2_17_aarch64.manylinux2014_aarch64.whl", hash = "sha256:7c5d3e570ef46adaf93fc81b44aca6002b5a4d8ca11bd0580c07eac537f36680", size = 220927 },
    { url = "https://files.pythonhosted.org/packages/58/62/15d10582ef159283a5c2b47f6d799fc3303fe3911d5bb0bcc820e1ef7ff4/xxhash-3.5.0-cp310-cp310-manylinux_2_17_ppc64le.manylinux2014_ppc64le.whl", hash = "sha256:7cb29a034301e2982df8b1fe6328a84f4b676106a13e9135a0d7e0c3e9f806da", size = 200360 },
    { url = "https://files.pythonhosted.org/packages/23/41/61202663ea9b1bd8e53673b8ec9e2619989353dba8cfb68e59a9cbd9ffe3/xxhash-3.5.0-cp310-cp310-manylinux_2_17_s390x.manylinux2014_s390x.whl", hash = "sha256:5d0d307d27099bb0cbeea7260eb39ed4fdb99c5542e21e94bb6fd29e49c57a23", size = 428528 },
    { url = "https://files.pythonhosted.org/packages/f2/07/d9a3059f702dec5b3b703737afb6dda32f304f6e9da181a229dafd052c29/xxhash-3.5.0-cp310-cp310-manylinux_2_17_x86_64.manylinux2014_x86_64.whl", hash = "sha256:c0342aafd421795d740e514bc9858ebddfc705a75a8c5046ac56d85fe97bf196", size = 194149 },
    { url = "https://files.pythonhosted.org/packages/eb/58/27caadf78226ecf1d62dbd0c01d152ed381c14c1ee4ad01f0d460fc40eac/xxhash-3.5.0-cp310-cp310-manylinux_2_5_i686.manylinux1_i686.manylinux_2_17_i686.manylinux2014_i686.whl", hash = "sha256:3dbbd9892c5ebffeca1ed620cf0ade13eb55a0d8c84e0751a6653adc6ac40d0c", size = 207703 },
    { url = "https://files.pythonhosted.org/packages/b1/08/32d558ce23e1e068453c39aed7b3c1cdc690c177873ec0ca3a90d5808765/xxhash-3.5.0-cp310-cp310-musllinux_1_2_aarch64.whl", hash = "sha256:4cc2d67fdb4d057730c75a64c5923abfa17775ae234a71b0200346bfb0a7f482", size = 216255 },
    { url = "https://files.pythonhosted.org/packages/3f/d4/2b971e2d2b0a61045f842b622ef11e94096cf1f12cd448b6fd426e80e0e2/xxhash-3.5.0-cp310-cp310-musllinux_1_2_i686.whl", hash = "sha256:ec28adb204b759306a3d64358a5e5c07d7b1dd0ccbce04aa76cb9377b7b70296", size = 202744 },
    { url = "https://files.pythonhosted.org/packages/19/ae/6a6438864a8c4c39915d7b65effd85392ebe22710412902487e51769146d/xxhash-3.5.0-cp310-cp310-musllinux_1_2_ppc64le.whl", hash = "sha256:1328f6d8cca2b86acb14104e381225a3d7b42c92c4b86ceae814e5c400dbb415", size = 210115 },
    { url = "https://files.pythonhosted.org/packages/48/7d/b3c27c27d1fc868094d02fe4498ccce8cec9fcc591825c01d6bcb0b4fc49/xxhash-3.5.0-cp310-cp310-musllinux_1_2_s390x.whl", hash = "sha256:8d47ebd9f5d9607fd039c1fbf4994e3b071ea23eff42f4ecef246ab2b7334198", size = 414247 },
    { url = "https://files.pythonhosted.org/packages/a1/05/918f9e7d2fbbd334b829997045d341d6239b563c44e683b9a7ef8fe50f5d/xxhash-3.5.0-cp310-cp310-musllinux_1_2_x86_64.whl", hash = "sha256:b96d559e0fcddd3343c510a0fe2b127fbff16bf346dd76280b82292567523442", size = 191419 },
    { url = "https://files.pythonhosted.org/packages/08/29/dfe393805b2f86bfc47c290b275f0b7c189dc2f4e136fd4754f32eb18a8d/xxhash-3.5.0-cp310-cp310-win32.whl", hash = "sha256:61c722ed8d49ac9bc26c7071eeaa1f6ff24053d553146d5df031802deffd03da", size = 30114 },
    { url = "https://files.pythonhosted.org/packages/7b/d7/aa0b22c4ebb7c3ccb993d4c565132abc641cd11164f8952d89eb6a501909/xxhash-3.5.0-cp310-cp310-win_amd64.whl", hash = "sha256:9bed5144c6923cc902cd14bb8963f2d5e034def4486ab0bbe1f58f03f042f9a9", size = 30003 },
    { url = "https://files.pythonhosted.org/packages/69/12/f969b81541ee91b55f1ce469d7ab55079593c80d04fd01691b550e535000/xxhash-3.5.0-cp310-cp310-win_arm64.whl", hash = "sha256:893074d651cf25c1cc14e3bea4fceefd67f2921b1bb8e40fcfeba56820de80c6", size = 26773 },
    { url = "https://files.pythonhosted.org/packages/b8/c7/afed0f131fbda960ff15eee7f304fa0eeb2d58770fade99897984852ef23/xxhash-3.5.0-cp311-cp311-macosx_10_9_x86_64.whl", hash = "sha256:02c2e816896dc6f85922ced60097bcf6f008dedfc5073dcba32f9c8dd786f3c1", size = 31969 },
    { url = "https://files.pythonhosted.org/packages/8c/0c/7c3bc6d87e5235672fcc2fb42fd5ad79fe1033925f71bf549ee068c7d1ca/xxhash-3.5.0-cp311-cp311-macosx_11_0_arm64.whl", hash = "sha256:6027dcd885e21581e46d3c7f682cfb2b870942feeed58a21c29583512c3f09f8", size = 30800 },
    { url = "https://files.pythonhosted.org/packages/04/9e/01067981d98069eec1c20201f8c145367698e9056f8bc295346e4ea32dd1/xxhash-3.5.0-cp311-cp311-manylinux_2_17_aarch64.manylinux2014_aarch64.whl", hash = "sha256:1308fa542bbdbf2fa85e9e66b1077eea3a88bef38ee8a06270b4298a7a62a166", size = 221566 },
    { url = "https://files.pythonhosted.org/packages/d4/09/d4996de4059c3ce5342b6e1e6a77c9d6c91acce31f6ed979891872dd162b/xxhash-3.5.0-cp311-cp311-manylinux_2_17_ppc64le.manylinux2014_ppc64le.whl", hash = "sha256:c28b2fdcee797e1c1961cd3bcd3d545cab22ad202c846235197935e1df2f8ef7", size = 201214 },
    { url = "https://files.pythonhosted.org/packages/62/f5/6d2dc9f8d55a7ce0f5e7bfef916e67536f01b85d32a9fbf137d4cadbee38/xxhash-3.5.0-cp311-cp311-manylinux_2_17_s390x.manylinux2014_s390x.whl", hash = "sha256:924361811732ddad75ff23e90efd9ccfda4f664132feecb90895bade6a1b4623", size = 429433 },
    { url = "https://files.pythonhosted.org/packages/d9/72/9256303f10e41ab004799a4aa74b80b3c5977d6383ae4550548b24bd1971/xxhash-3.5.0-cp311-cp311-manylinux_2_17_x86_64.manylinux2014_x86_64.whl", hash = "sha256:89997aa1c4b6a5b1e5b588979d1da048a3c6f15e55c11d117a56b75c84531f5a", size = 194822 },
    { url = "https://files.pythonhosted.org/packages/34/92/1a3a29acd08248a34b0e6a94f4e0ed9b8379a4ff471f1668e4dce7bdbaa8/xxhash-3.5.0-cp311-cp311-manylinux_2_5_i686.manylinux1_i686.manylinux_2_17_i686.manylinux2014_i686.whl", hash = "sha256:685c4f4e8c59837de103344eb1c8a3851f670309eb5c361f746805c5471b8c88", size = 208538 },
    { url = "https://files.pythonhosted.org/packages/53/ad/7fa1a109663366de42f724a1cdb8e796a260dbac45047bce153bc1e18abf/xxhash-3.5.0-cp311-cp311-musllinux_1_2_aarch64.whl", hash = "sha256:dbd2ecfbfee70bc1a4acb7461fa6af7748ec2ab08ac0fa298f281c51518f982c", size = 216953 },
    { url = "https://files.pythonhosted.org/packages/35/02/137300e24203bf2b2a49b48ce898ecce6fd01789c0fcd9c686c0a002d129/xxhash-3.5.0-cp311-cp311-musllinux_1_2_i686.whl", hash = "sha256:25b5a51dc3dfb20a10833c8eee25903fd2e14059e9afcd329c9da20609a307b2", size = 203594 },
    { url = "https://files.pythonhosted.org/packages/23/03/aeceb273933d7eee248c4322b98b8e971f06cc3880e5f7602c94e5578af5/xxhash-3.5.0-cp311-cp311-musllinux_1_2_ppc64le.whl", hash = "sha256:a8fb786fb754ef6ff8c120cb96629fb518f8eb5a61a16aac3a979a9dbd40a084", size = 210971 },
    { url = "https://files.pythonhosted.org/packages/e3/64/ed82ec09489474cbb35c716b189ddc1521d8b3de12b1b5ab41ce7f70253c/xxhash-3.5.0-cp311-cp311-musllinux_1_2_s390x.whl", hash = "sha256:a905ad00ad1e1c34fe4e9d7c1d949ab09c6fa90c919860c1534ff479f40fd12d", size = 415050 },
    { url = "https://files.pythonhosted.org/packages/71/43/6db4c02dcb488ad4e03bc86d70506c3d40a384ee73c9b5c93338eb1f3c23/xxhash-3.5.0-cp311-cp311-musllinux_1_2_x86_64.whl", hash = "sha256:963be41bcd49f53af6d795f65c0da9b4cc518c0dd9c47145c98f61cb464f4839", size = 192216 },
    { url = "https://files.pythonhosted.org/packages/22/6d/db4abec29e7a567455344433d095fdb39c97db6955bb4a2c432e486b4d28/xxhash-3.5.0-cp311-cp311-win32.whl", hash = "sha256:109b436096d0a2dd039c355fa3414160ec4d843dfecc64a14077332a00aeb7da", size = 30120 },
    { url = "https://files.pythonhosted.org/packages/52/1c/fa3b61c0cf03e1da4767213672efe186b1dfa4fc901a4a694fb184a513d1/xxhash-3.5.0-cp311-cp311-win_amd64.whl", hash = "sha256:b702f806693201ad6c0a05ddbbe4c8f359626d0b3305f766077d51388a6bac58", size = 30003 },
    { url = "https://files.pythonhosted.org/packages/6b/8e/9e6fc572acf6e1cc7ccb01973c213f895cb8668a9d4c2b58a99350da14b7/xxhash-3.5.0-cp311-cp311-win_arm64.whl", hash = "sha256:c4dcb4120d0cc3cc448624147dba64e9021b278c63e34a38789b688fd0da9bf3", size = 26777 },
    { url = "https://files.pythonhosted.org/packages/07/0e/1bfce2502c57d7e2e787600b31c83535af83746885aa1a5f153d8c8059d6/xxhash-3.5.0-cp312-cp312-macosx_10_9_x86_64.whl", hash = "sha256:14470ace8bd3b5d51318782cd94e6f94431974f16cb3b8dc15d52f3b69df8e00", size = 31969 },
    { url = "https://files.pythonhosted.org/packages/3f/d6/8ca450d6fe5b71ce521b4e5db69622383d039e2b253e9b2f24f93265b52c/xxhash-3.5.0-cp312-cp312-macosx_11_0_arm64.whl", hash = "sha256:59aa1203de1cb96dbeab595ded0ad0c0056bb2245ae11fac11c0ceea861382b9", size = 30787 },
    { url = "https://files.pythonhosted.org/packages/5b/84/de7c89bc6ef63d750159086a6ada6416cc4349eab23f76ab870407178b93/xxhash-3.5.0-cp312-cp312-manylinux_2_17_aarch64.manylinux2014_aarch64.whl", hash = "sha256:08424f6648526076e28fae6ea2806c0a7d504b9ef05ae61d196d571e5c879c84", size = 220959 },
    { url = "https://files.pythonhosted.org/packages/fe/86/51258d3e8a8545ff26468c977101964c14d56a8a37f5835bc0082426c672/xxhash-3.5.0-cp312-cp312-manylinux_2_17_ppc64le.manylinux2014_ppc64le.whl", hash = "sha256:61a1ff00674879725b194695e17f23d3248998b843eb5e933007ca743310f793", size = 200006 },
    { url = "https://files.pythonhosted.org/packages/02/0a/96973bd325412feccf23cf3680fd2246aebf4b789122f938d5557c54a6b2/xxhash-3.5.0-cp312-cp312-manylinux_2_17_s390x.manylinux2014_s390x.whl", hash = "sha256:f2f2c61bee5844d41c3eb015ac652a0229e901074951ae48581d58bfb2ba01be", size = 428326 },
    { url = "https://files.pythonhosted.org/packages/11/a7/81dba5010f7e733de88af9555725146fc133be97ce36533867f4c7e75066/xxhash-3.5.0-cp312-cp312-manylinux_2_17_x86_64.manylinux2014_x86_64.whl", hash = "sha256:9d32a592cac88d18cc09a89172e1c32d7f2a6e516c3dfde1b9adb90ab5df54a6", size = 194380 },
    { url = "https://files.pythonhosted.org/packages/fb/7d/f29006ab398a173f4501c0e4977ba288f1c621d878ec217b4ff516810c04/xxhash-3.5.0-cp312-cp312-manylinux_2_5_i686.manylinux1_i686.manylinux_2_17_i686.manylinux2014_i686.whl", hash = "sha256:70dabf941dede727cca579e8c205e61121afc9b28516752fd65724be1355cc90", size = 207934 },
    { url = "https://files.pythonhosted.org/packages/8a/6e/6e88b8f24612510e73d4d70d9b0c7dff62a2e78451b9f0d042a5462c8d03/xxhash-3.5.0-cp312-cp312-musllinux_1_2_aarch64.whl", hash = "sha256:e5d0ddaca65ecca9c10dcf01730165fd858533d0be84c75c327487c37a906a27", size = 216301 },
    { url = "https://files.pythonhosted.org/packages/af/51/7862f4fa4b75a25c3b4163c8a873f070532fe5f2d3f9b3fc869c8337a398/xxhash-3.5.0-cp312-cp312-musllinux_1_2_i686.whl", hash = "sha256:3e5b5e16c5a480fe5f59f56c30abdeba09ffd75da8d13f6b9b6fd224d0b4d0a2", size = 203351 },
    { url = "https://files.pythonhosted.org/packages/22/61/8d6a40f288f791cf79ed5bb113159abf0c81d6efb86e734334f698eb4c59/xxhash-3.5.0-cp312-cp312-musllinux_1_2_ppc64le.whl", hash = "sha256:149b7914451eb154b3dfaa721315117ea1dac2cc55a01bfbd4df7c68c5dd683d", size = 210294 },
    { url = "https://files.pythonhosted.org/packages/17/02/215c4698955762d45a8158117190261b2dbefe9ae7e5b906768c09d8bc74/xxhash-3.5.0-cp312-cp312-musllinux_1_2_s390x.whl", hash = "sha256:eade977f5c96c677035ff39c56ac74d851b1cca7d607ab3d8f23c6b859379cab", size = 414674 },
    { url = "https://files.pythonhosted.org/packages/31/5c/b7a8db8a3237cff3d535261325d95de509f6a8ae439a5a7a4ffcff478189/xxhash-3.5.0-cp312-cp312-musllinux_1_2_x86_64.whl", hash = "sha256:fa9f547bd98f5553d03160967866a71056a60960be00356a15ecc44efb40ba8e", size = 192022 },
    { url = "https://files.pythonhosted.org/packages/78/e3/dd76659b2811b3fd06892a8beb850e1996b63e9235af5a86ea348f053e9e/xxhash-3.5.0-cp312-cp312-win32.whl", hash = "sha256:f7b58d1fd3551b8c80a971199543379be1cee3d0d409e1f6d8b01c1a2eebf1f8", size = 30170 },
    { url = "https://files.pythonhosted.org/packages/d9/6b/1c443fe6cfeb4ad1dcf231cdec96eb94fb43d6498b4469ed8b51f8b59a37/xxhash-3.5.0-cp312-cp312-win_amd64.whl", hash = "sha256:fa0cafd3a2af231b4e113fba24a65d7922af91aeb23774a8b78228e6cd785e3e", size = 30040 },
    { url = "https://files.pythonhosted.org/packages/0f/eb/04405305f290173acc0350eba6d2f1a794b57925df0398861a20fbafa415/xxhash-3.5.0-cp312-cp312-win_arm64.whl", hash = "sha256:586886c7e89cb9828bcd8a5686b12e161368e0064d040e225e72607b43858ba2", size = 26796 },
    { url = "https://files.pythonhosted.org/packages/c9/b8/e4b3ad92d249be5c83fa72916c9091b0965cb0faeff05d9a0a3870ae6bff/xxhash-3.5.0-cp313-cp313-macosx_10_13_x86_64.whl", hash = "sha256:37889a0d13b0b7d739cfc128b1c902f04e32de17b33d74b637ad42f1c55101f6", size = 31795 },
    { url = "https://files.pythonhosted.org/packages/fc/d8/b3627a0aebfbfa4c12a41e22af3742cf08c8ea84f5cc3367b5de2d039cce/xxhash-3.5.0-cp313-cp313-macosx_11_0_arm64.whl", hash = "sha256:97a662338797c660178e682f3bc180277b9569a59abfb5925e8620fba00b9fc5", size = 30792 },
    { url = "https://files.pythonhosted.org/packages/c3/cc/762312960691da989c7cd0545cb120ba2a4148741c6ba458aa723c00a3f8/xxhash-3.5.0-cp313-cp313-manylinux_2_17_aarch64.manylinux2014_aarch64.whl", hash = "sha256:7f85e0108d51092bdda90672476c7d909c04ada6923c14ff9d913c4f7dc8a3bc", size = 220950 },
    { url = "https://files.pythonhosted.org/packages/fe/e9/cc266f1042c3c13750e86a535496b58beb12bf8c50a915c336136f6168dc/xxhash-3.5.0-cp313-cp313-manylinux_2_17_ppc64le.manylinux2014_ppc64le.whl", hash = "sha256:cd2fd827b0ba763ac919440042302315c564fdb797294d86e8cdd4578e3bc7f3", size = 199980 },
    { url = "https://files.pythonhosted.org/packages/bf/85/a836cd0dc5cc20376de26b346858d0ac9656f8f730998ca4324921a010b9/xxhash-3.5.0-cp313-cp313-manylinux_2_17_s390x.manylinux2014_s390x.whl", hash = "sha256:82085c2abec437abebf457c1d12fccb30cc8b3774a0814872511f0f0562c768c", size = 428324 },
    { url = "https://files.pythonhosted.org/packages/b4/0e/15c243775342ce840b9ba34aceace06a1148fa1630cd8ca269e3223987f5/xxhash-3.5.0-cp313-cp313-manylinux_2_17_x86_64.manylinux2014_x86_64.whl", hash = "sha256:07fda5de378626e502b42b311b049848c2ef38784d0d67b6f30bb5008642f8eb", size = 194370 },
    { url = "https://files.pythonhosted.org/packages/87/a1/b028bb02636dfdc190da01951d0703b3d904301ed0ef6094d948983bef0e/xxhash-3.5.0-cp313-cp313-manylinux_2_5_i686.manylinux1_i686.manylinux_2_17_i686.manylinux2014_i686.whl", hash = "sha256:c279f0d2b34ef15f922b77966640ade58b4ccdfef1c4d94b20f2a364617a493f", size = 207911 },
    { url = "https://files.pythonhosted.org/packages/80/d5/73c73b03fc0ac73dacf069fdf6036c9abad82de0a47549e9912c955ab449/xxhash-3.5.0-cp313-cp313-musllinux_1_2_aarch64.whl", hash = "sha256:89e66ceed67b213dec5a773e2f7a9e8c58f64daeb38c7859d8815d2c89f39ad7", size = 216352 },
    { url = "https://files.pythonhosted.org/packages/b6/2a/5043dba5ddbe35b4fe6ea0a111280ad9c3d4ba477dd0f2d1fe1129bda9d0/xxhash-3.5.0-cp313-cp313-musllinux_1_2_i686.whl", hash = "sha256:bcd51708a633410737111e998ceb3b45d3dbc98c0931f743d9bb0a209033a326", size = 203410 },
    { url = "https://files.pythonhosted.org/packages/a2/b2/9a8ded888b7b190aed75b484eb5c853ddd48aa2896e7b59bbfbce442f0a1/xxhash-3.5.0-cp313-cp313-musllinux_1_2_ppc64le.whl", hash = "sha256:3ff2c0a34eae7df88c868be53a8dd56fbdf592109e21d4bfa092a27b0bf4a7bf", size = 210322 },
    { url = "https://files.pythonhosted.org/packages/98/62/440083fafbc917bf3e4b67c2ade621920dd905517e85631c10aac955c1d2/xxhash-3.5.0-cp313-cp313-musllinux_1_2_s390x.whl", hash = "sha256:4e28503dccc7d32e0b9817aa0cbfc1f45f563b2c995b7a66c4c8a0d232e840c7", size = 414725 },
    { url = "https://files.pythonhosted.org/packages/75/db/009206f7076ad60a517e016bb0058381d96a007ce3f79fa91d3010f49cc2/xxhash-3.5.0-cp313-cp313-musllinux_1_2_x86_64.whl", hash = "sha256:a6c50017518329ed65a9e4829154626f008916d36295b6a3ba336e2458824c8c", size = 192070 },
    { url = "https://files.pythonhosted.org/packages/1f/6d/c61e0668943a034abc3a569cdc5aeae37d686d9da7e39cf2ed621d533e36/xxhash-3.5.0-cp313-cp313-win32.whl", hash = "sha256:53a068fe70301ec30d868ece566ac90d873e3bb059cf83c32e76012c889b8637", size = 30172 },
    { url = "https://files.pythonhosted.org/packages/96/14/8416dce965f35e3d24722cdf79361ae154fa23e2ab730e5323aa98d7919e/xxhash-3.5.0-cp313-cp313-win_amd64.whl", hash = "sha256:80babcc30e7a1a484eab952d76a4f4673ff601f54d5142c26826502740e70b43", size = 30041 },
    { url = "https://files.pythonhosted.org/packages/27/ee/518b72faa2073f5aa8e3262408d284892cb79cf2754ba0c3a5870645ef73/xxhash-3.5.0-cp313-cp313-win_arm64.whl", hash = "sha256:4811336f1ce11cac89dcbd18f3a25c527c16311709a89313c3acaf771def2d4b", size = 26801 },
    { url = "https://files.pythonhosted.org/packages/e7/0f/60af4a45c9083a3b2a570db6f70f7478e0065231d713f0fac91b76d8df6b/xxhash-3.5.0-cp37-cp37m-macosx_10_9_x86_64.whl", hash = "sha256:6e5f70f6dca1d3b09bccb7daf4e087075ff776e3da9ac870f86ca316736bb4aa", size = 31833 },
    { url = "https://files.pythonhosted.org/packages/4f/ce/bc5c7148f954b6a31ebddefaf07d7527aa308b89c25e9900dbcbe2fdc2e2/xxhash-3.5.0-cp37-cp37m-manylinux_2_17_aarch64.manylinux2014_aarch64.whl", hash = "sha256:2e76e83efc7b443052dd1e585a76201e40b3411fe3da7af4fe434ec51b2f163b", size = 221336 },
    { url = "https://files.pythonhosted.org/packages/6a/9c/e896ad8480bf195372d82acecbdca1d0adc4096ac9448015d769578a0203/xxhash-3.5.0-cp37-cp37m-manylinux_2_17_ppc64le.manylinux2014_ppc64le.whl", hash = "sha256:33eac61d0796ca0591f94548dcfe37bb193671e0c9bcf065789b5792f2eda644", size = 200997 },
    { url = "https://files.pythonhosted.org/packages/f6/f4/628046ede5c19edace01ef124d07c90040f7c448d2fdf1e02a235c0ee4bb/xxhash-3.5.0-cp37-cp37m-manylinux_2_17_s390x.manylinux2014_s390x.whl", hash = "sha256:0ec70a89be933ea49222fafc3999987d7899fc676f688dd12252509434636622", size = 429246 },
    { url = "https://files.pythonhosted.org/packages/21/57/75804858815f1f005dc8f6ca09266c14fbc8ba8ad836a6f8794f180394a0/xxhash-3.5.0-cp37-cp37m-manylinux_2_17_x86_64.manylinux2014_x86_64.whl", hash = "sha256:dd86b8e7f703ec6ff4f351cfdb9f428955859537125904aa8c963604f2e9d3e7", size = 194670 },
    { url = "https://files.pythonhosted.org/packages/75/64/a938b9cf1190d4a9b55a9d00283eedcbc49cc39959f1b5f2a8c9fa3c4086/xxhash-3.5.0-cp37-cp37m-manylinux_2_5_i686.manylinux1_i686.manylinux_2_17_i686.manylinux2014_i686.whl", hash = "sha256:0adfbd36003d9f86c8c97110039f7539b379f28656a04097e7434d3eaf9aa131", size = 208310 },
    { url = "https://files.pythonhosted.org/packages/f4/ab/c139884d9d9faeb019e33ebf529ecc9a1763b71d7e77141326e35954f953/xxhash-3.5.0-cp37-cp37m-musllinux_1_2_aarch64.whl", hash = "sha256:63107013578c8a730419adc05608756c3fa640bdc6abe806c3123a49fb829f43", size = 216298 },
    { url = "https://files.pythonhosted.org/packages/5d/f5/34e7eaeebe66c9b390b5a39dc1e58c22cb8f942a45c195675d29f226e5cf/xxhash-3.5.0-cp37-cp37m-musllinux_1_2_i686.whl", hash = "sha256:683b94dbd1ca67557850b86423318a2e323511648f9f3f7b1840408a02b9a48c", size = 202795 },
    { url = "https://files.pythonhosted.org/packages/28/a2/2e0897909cdcb8d97e01c738e54d67b45776a2d03fced173cd26e862da8e/xxhash-3.5.0-cp37-cp37m-musllinux_1_2_ppc64le.whl", hash = "sha256:5d2a01dcce81789cf4b12d478b5464632204f4c834dc2d064902ee27d2d1f0ee", size = 210071 },
    { url = "https://files.pythonhosted.org/packages/06/fb/336621ff328ed12ef2f9be223669e26a845ea373206fa7b8acad72a7ebd3/xxhash-3.5.0-cp37-cp37m-musllinux_1_2_s390x.whl", hash = "sha256:a9d360a792cbcce2fe7b66b8d51274ec297c53cbc423401480e53b26161a290d", size = 414549 },
    { url = "https://files.pythonhosted.org/packages/33/0e/8e9e133cefd78b4576aa9de14cd271dc440bdb2e2cdcaa0105e7988f82cf/xxhash-3.5.0-cp37-cp37m-musllinux_1_2_x86_64.whl", hash = "sha256:f0b48edbebea1b7421a9c687c304f7b44d0677c46498a046079d445454504737", size = 191483 },
    { url = "https://files.pythonhosted.org/packages/95/f9/d8c243d2a5ca7d2e0888ca7039945fdf30e278a703212fa12e3caaf80dff/xxhash-3.5.0-cp37-cp37m-win32.whl", hash = "sha256:7ccb800c9418e438b44b060a32adeb8393764da7441eb52aa2aa195448935306", size = 30143 },
    { url = "https://files.pythonhosted.org/packages/2c/c4/b02b3eab279dbaa749d30268b9db71aea03f55249cf91861db5213458729/xxhash-3.5.0-cp37-cp37m-win_amd64.whl", hash = "sha256:c3bc7bf8cb8806f8d1c9bf149c18708cb1c406520097d6b0a73977460ea03602", size = 30016 },
    { url = "https://files.pythonhosted.org/packages/63/32/95925b2eacbd1dde78749b8d94f8910a9f36f47a3891e904fc694766cc4d/xxhash-3.5.0-cp38-cp38-macosx_10_9_x86_64.whl", hash = "sha256:74752ecaa544657d88b1d1c94ae68031e364a4d47005a90288f3bab3da3c970f", size = 31977 },
    { url = "https://files.pythonhosted.org/packages/70/81/6229146335db0b8407a309640ce1ba9657850f06697b99130e4a32facd62/xxhash-3.5.0-cp38-cp38-macosx_11_0_arm64.whl", hash = "sha256:dee1316133c9b463aa81aca676bc506d3f80d8f65aeb0bba2b78d0b30c51d7bd", size = 30806 },
    { url = "https://files.pythonhosted.org/packages/6f/bd/5e452cac8b4c619ff55c455bebfdab51303519dc23dd9123c20e6182ee30/xxhash-3.5.0-cp38-cp38-manylinux_2_17_aarch64.manylinux2014_aarch64.whl", hash = "sha256:602d339548d35a8579c6b013339fb34aee2df9b4e105f985443d2860e4d7ffaa", size = 221434 },
    { url = "https://files.pythonhosted.org/packages/db/2d/0ac52e0f52dd376b0ddadb4d13b9f793b1c8edf458f8c31a2b8db6df56c2/xxhash-3.5.0-cp38-cp38-manylinux_2_17_ppc64le.manylinux2014_ppc64le.whl", hash = "sha256:695735deeddfb35da1677dbc16a083445360e37ff46d8ac5c6fcd64917ff9ade", size = 201086 },
    { url = "https://files.pythonhosted.org/packages/c4/bf/435e86a00d15751e2939027b39e8ba739ddfe840f0d5a9d795095edf5482/xxhash-3.5.0-cp38-cp38-manylinux_2_17_s390x.manylinux2014_s390x.whl", hash = "sha256:1030a39ba01b0c519b1a82f80e8802630d16ab95dc3f2b2386a0b5c8ed5cbb10", size = 429283 },
    { url = "https://files.pythonhosted.org/packages/62/f1/0d1bb3518dbcf4424c5d3e0b259d742e50a51753036799e8a6f1714e4fb9/xxhash-3.5.0-cp38-cp38-manylinux_2_17_x86_64.manylinux2014_x86_64.whl", hash = "sha256:a5bc08f33c4966f4eb6590d6ff3ceae76151ad744576b5fc6c4ba8edd459fdec", size = 194645 },
    { url = "https://files.pythonhosted.org/packages/8d/ea/ee55398fee40273f0bff935174fe08775121cf0a49b5ae5f2717b9967512/xxhash-3.5.0-cp38-cp38-manylinux_2_5_i686.manylinux1_i686.manylinux_2_17_i686.manylinux2014_i686.whl", hash = "sha256:160e0c19ee500482ddfb5d5570a0415f565d8ae2b3fd69c5dcfce8a58107b1c3", size = 208366 },
    { url = "https://files.pythonhosted.org/packages/c3/7a/762052e7c2c198809d81a578d6e16ae747b13cf3061bc2cbfd9b6ef43d85/xxhash-3.5.0-cp38-cp38-musllinux_1_2_aarch64.whl", hash = "sha256:f1abffa122452481a61c3551ab3c89d72238e279e517705b8b03847b1d93d738", size = 216309 },
    { url = "https://files.pythonhosted.org/packages/c7/a1/f9db5d348bd0a9022fb1103dac588f4200cdacf58a4eaa93f2b0e68471fd/xxhash-3.5.0-cp38-cp38-musllinux_1_2_i686.whl", hash = "sha256:d5e9db7ef3ecbfc0b4733579cea45713a76852b002cf605420b12ef3ef1ec148", size = 202765 },
    { url = "https://files.pythonhosted.org/packages/e6/7f/f0ca5f4106f85d865b897e9e28d7399985983ceeeffed6a7a3bcada39a4e/xxhash-3.5.0-cp38-cp38-musllinux_1_2_ppc64le.whl", hash = "sha256:23241ff6423378a731d84864bf923a41649dc67b144debd1077f02e6249a0d54", size = 210206 },
    { url = "https://files.pythonhosted.org/packages/d1/49/1f9028d521c06173c57d02ef02c7d0ae406277e912c850a408d2e2cf7433/xxhash-3.5.0-cp38-cp38-musllinux_1_2_s390x.whl", hash = "sha256:82b833d5563fefd6fceafb1aed2f3f3ebe19f84760fdd289f8b926731c2e6e91", size = 414280 },
    { url = "https://files.pythonhosted.org/packages/db/47/31a7694fa8e89ec094b5624f4ef51d0926f06f29d4b35faad04532f2c6d5/xxhash-3.5.0-cp38-cp38-musllinux_1_2_x86_64.whl", hash = "sha256:0a80ad0ffd78bef9509eee27b4a29e56f5414b87fb01a888353e3d5bda7038bd", size = 191490 },
    { url = "https://files.pythonhosted.org/packages/a5/c3/f008537288e998f7986f7c38fce74142edca3b3bdf9ef221ac74d58c9f1d/xxhash-3.5.0-cp38-cp38-win32.whl", hash = "sha256:50ac2184ffb1b999e11e27c7e3e70cc1139047e7ebc1aa95ed12f4269abe98d4", size = 30125 },
    { url = "https://files.pythonhosted.org/packages/df/29/3a416533b23f1041cc2967b11de1aaa764585d97fd1d22b79efe9f58e7aa/xxhash-3.5.0-cp38-cp38-win_amd64.whl", hash = "sha256:392f52ebbb932db566973693de48f15ce787cabd15cf6334e855ed22ea0be5b3", size = 30027 },
    { url = "https://files.pythonhosted.org/packages/d4/f6/531dd6858adf8877675270b9d6989b6dacfd1c2d7135b17584fc29866df3/xxhash-3.5.0-cp39-cp39-macosx_10_9_x86_64.whl", hash = "sha256:bfc8cdd7f33d57f0468b0614ae634cc38ab9202c6957a60e31d285a71ebe0301", size = 31971 },
    { url = "https://files.pythonhosted.org/packages/7c/a8/b2a42b6c9ae46e233f474f3d307c2e7bca8d9817650babeca048d2ad01d6/xxhash-3.5.0-cp39-cp39-macosx_11_0_arm64.whl", hash = "sha256:e0c48b6300cd0b0106bf49169c3e0536408dfbeb1ccb53180068a18b03c662ab", size = 30801 },
    { url = "https://files.pythonhosted.org/packages/b4/92/9ac297e3487818f429bcf369c1c6a097edf5b56ed6fc1feff4c1882e87ef/xxhash-3.5.0-cp39-cp39-manylinux_2_17_aarch64.manylinux2014_aarch64.whl", hash = "sha256:fe1a92cfbaa0a1253e339ccec42dbe6db262615e52df591b68726ab10338003f", size = 220644 },
    { url = "https://files.pythonhosted.org/packages/86/48/c1426dd3c86fc4a52f983301867463472f6a9013fb32d15991e60c9919b6/xxhash-3.5.0-cp39-cp39-manylinux_2_17_ppc64le.manylinux2014_ppc64le.whl", hash = "sha256:33513d6cc3ed3b559134fb307aae9bdd94d7e7c02907b37896a6c45ff9ce51bd", size = 200021 },
    { url = "https://files.pythonhosted.org/packages/f3/de/0ab8c79993765c94fc0d0c1a22b454483c58a0161e1b562f58b654f47660/xxhash-3.5.0-cp39-cp39-manylinux_2_17_s390x.manylinux2014_s390x.whl", hash = "sha256:eefc37f6138f522e771ac6db71a6d4838ec7933939676f3753eafd7d3f4c40bc", size = 428217 },
    { url = "https://files.pythonhosted.org/packages/b4/b4/332647451ed7d2c021294b7c1e9c144dbb5586b1fb214ad4f5a404642835/xxhash-3.5.0-cp39-cp39-manylinux_2_17_x86_64.manylinux2014_x86_64.whl", hash = "sha256:a606c8070ada8aa2a88e181773fa1ef17ba65ce5dd168b9d08038e2a61b33754", size = 193868 },
    { url = "https://files.pythonhosted.org/packages/f4/1c/a42c0a6cac752f84f7b44a90d1a9fa9047cf70bdba5198a304fde7cc471f/xxhash-3.5.0-cp39-cp39-manylinux_2_5_i686.manylinux1_i686.manylinux_2_17_i686.manylinux2014_i686.whl", hash = "sha256:42eca420c8fa072cc1dd62597635d140e78e384a79bb4944f825fbef8bfeeef6", size = 207403 },
    { url = "https://files.pythonhosted.org/packages/c4/d7/04e1b0daae9dc9b02c73c1664cc8aa527498c3f66ccbc586eeb25bbe9f14/xxhash-3.5.0-cp39-cp39-musllinux_1_2_aarch64.whl", hash = "sha256:604253b2143e13218ff1ef0b59ce67f18b8bd1c4205d2ffda22b09b426386898", size = 215978 },
    { url = "https://files.pythonhosted.org/packages/c4/f4/05e15e67505228fc19ee98a79e427b3a0b9695f5567cd66ced5d66389883/xxhash-3.5.0-cp39-cp39-musllinux_1_2_i686.whl", hash = "sha256:6e93a5ad22f434d7876665444a97e713a8f60b5b1a3521e8df11b98309bff833", size = 202416 },
    { url = "https://files.pythonhosted.org/packages/94/fb/e9028d3645bba5412a09de13ee36df276a567e60bdb31d499dafa46d76ae/xxhash-3.5.0-cp39-cp39-musllinux_1_2_ppc64le.whl", hash = "sha256:7a46e1d6d2817ba8024de44c4fd79913a90e5f7265434cef97026215b7d30df6", size = 209853 },
    { url = "https://files.pythonhosted.org/packages/02/2c/18c6a622429368274739372d2f86c8125413ec169025c7d8ffb051784bba/xxhash-3.5.0-cp39-cp39-musllinux_1_2_s390x.whl", hash = "sha256:30eb2efe6503c379b7ab99c81ba4a779748e3830241f032ab46bd182bf5873af", size = 413926 },
    { url = "https://files.pythonhosted.org/packages/72/bb/5b55c391084a0321c3809632a018b9b657e59d5966289664f85a645942ac/xxhash-3.5.0-cp39-cp39-musllinux_1_2_x86_64.whl", hash = "sha256:c8aa771ff2c13dd9cda8166d685d7333d389fae30a4d2bb39d63ab5775de8606", size = 191156 },
    { url = "https://files.pythonhosted.org/packages/86/2b/915049db13401792fec159f57e4f4a5ca7a9768e83ef71d6645b9d0cd749/xxhash-3.5.0-cp39-cp39-win32.whl", hash = "sha256:5ed9ebc46f24cf91034544b26b131241b699edbfc99ec5e7f8f3d02d6eb7fba4", size = 30122 },
    { url = "https://files.pythonhosted.org/packages/d5/87/382ef7b24917d7cf4c540ee30f29b283bc87ac5893d2f89b23ea3cdf7d77/xxhash-3.5.0-cp39-cp39-win_amd64.whl", hash = "sha256:220f3f896c6b8d0316f63f16c077d52c412619e475f9372333474ee15133a558", size = 30021 },
    { url = "https://files.pythonhosted.org/packages/e2/47/d06b24e2d9c3dcabccfd734d11b5bbebfdf59ceac2c61509d8205dd20ac6/xxhash-3.5.0-cp39-cp39-win_arm64.whl", hash = "sha256:a7b1d8315d9b5e9f89eb2933b73afae6ec9597a258d52190944437158b49d38e", size = 26780 },
    { url = "https://files.pythonhosted.org/packages/ab/9a/233606bada5bd6f50b2b72c45de3d9868ad551e83893d2ac86dc7bb8553a/xxhash-3.5.0-pp310-pypy310_pp73-macosx_10_15_x86_64.whl", hash = "sha256:2014c5b3ff15e64feecb6b713af12093f75b7926049e26a580e94dcad3c73d8c", size = 29732 },
    { url = "https://files.pythonhosted.org/packages/0c/67/f75276ca39e2c6604e3bee6c84e9db8a56a4973fde9bf35989787cf6e8aa/xxhash-3.5.0-pp310-pypy310_pp73-manylinux_2_17_aarch64.manylinux2014_aarch64.whl", hash = "sha256:fab81ef75003eda96239a23eda4e4543cedc22e34c373edcaf744e721a163986", size = 36214 },
    { url = "https://files.pythonhosted.org/packages/0f/f8/f6c61fd794229cc3848d144f73754a0c107854372d7261419dcbbd286299/xxhash-3.5.0-pp310-pypy310_pp73-manylinux_2_17_x86_64.manylinux2014_x86_64.whl", hash = "sha256:4e2febf914ace002132aa09169cc572e0d8959d0f305f93d5828c4836f9bc5a6", size = 32020 },
    { url = "https://files.pythonhosted.org/packages/79/d3/c029c99801526f859e6b38d34ab87c08993bf3dcea34b11275775001638a/xxhash-3.5.0-pp310-pypy310_pp73-manylinux_2_5_i686.manylinux1_i686.manylinux_2_17_i686.manylinux2014_i686.whl", hash = "sha256:5d3a10609c51da2a1c0ea0293fc3968ca0a18bd73838455b5bca3069d7f8e32b", size = 40515 },
    { url = "https://files.pythonhosted.org/packages/62/e3/bef7b82c1997579c94de9ac5ea7626d01ae5858aa22bf4fcb38bf220cb3e/xxhash-3.5.0-pp310-pypy310_pp73-win_amd64.whl", hash = "sha256:5a74f23335b9689b66eb6dbe2a931a88fcd7a4c2cc4b1cb0edba8ce381c7a1da", size = 30064 },
    { url = "https://files.pythonhosted.org/packages/8a/bd/65655cbb174b363840e72b6ecc6f32ad78ce81c3da6e799b75764805a543/xxhash-3.5.0-pp37-pypy37_pp73-macosx_10_9_x86_64.whl", hash = "sha256:2b4154c00eb22e4d543f472cfca430e7962a0f1d0f3778334f2e08a7ba59363c", size = 29673 },
    { url = "https://files.pythonhosted.org/packages/65/44/32dbb74901f3127efbadcc41593af55def1a60303f433dc4db1b14d27515/xxhash-3.5.0-pp37-pypy37_pp73-manylinux_2_17_aarch64.manylinux2014_aarch64.whl", hash = "sha256:d30bbc1644f726b825b3278764240f449d75f1a8bdda892e641d4a688b1494ae", size = 36550 },
    { url = "https://files.pythonhosted.org/packages/81/6d/050b8ddd15446a7ceddf715ba3c96c3633348e5a7351a2e44b6059bd5818/xxhash-3.5.0-pp37-pypy37_pp73-manylinux_2_17_x86_64.manylinux2014_x86_64.whl", hash = "sha256:6fa0b72f2423e2aa53077e54a61c28e181d23effeaafd73fcb9c494e60930c8e", size = 32525 },
    { url = "https://files.pythonhosted.org/packages/fe/36/6fd2ed01010f45b88aeaa9240749057adc2f654b7632a2bdc19a0ecf73d9/xxhash-3.5.0-pp37-pypy37_pp73-manylinux_2_5_i686.manylinux1_i686.manylinux_2_17_i686.manylinux2014_i686.whl", hash = "sha256:13de2b76c1835399b2e419a296d5b38dc4855385d9e96916299170085ef72f57", size = 40934 },
    { url = "https://files.pythonhosted.org/packages/68/3c/1a99e63e64448cd73d21ef633fef6c00d57f19b82874fe9b0cbfc6b0158f/xxhash-3.5.0-pp37-pypy37_pp73-win_amd64.whl", hash = "sha256:0691bfcc4f9c656bcb96cc5db94b4d75980b9d5589f2e59de790091028580837", size = 30112 },
    { url = "https://files.pythonhosted.org/packages/cb/dc/7eaa6769f20cdf215a291a5aa92dbfad56f2cdcf2774522d60de76af0fbb/xxhash-3.5.0-pp38-pypy38_pp73-macosx_10_9_x86_64.whl", hash = "sha256:297595fe6138d4da2c8ce9e72a04d73e58725bb60f3a19048bc96ab2ff31c692", size = 29667 },
    { url = "https://files.pythonhosted.org/packages/d2/e8/256021fadf225b2d56689358ad7eead0471a05d004ed0b29db6bdb0c99ff/xxhash-3.5.0-pp38-pypy38_pp73-manylinux_2_17_aarch64.manylinux2014_aarch64.whl", hash = "sha256:cc1276d369452040cbb943300dc8abeedab14245ea44056a2943183822513a18", size = 36198 },
    { url = "https://files.pythonhosted.org/packages/23/57/6427bf11fbf68ebdb85624bd1b1d5ebb42dbf1053e284c1c2ea3b7f01b8f/xxhash-3.5.0-pp38-pypy38_pp73-manylinux_2_17_x86_64.manylinux2014_x86_64.whl", hash = "sha256:2061188a1ba352fc699c82bff722f4baacb4b4b8b2f0c745d2001e56d0dfb514", size = 32041 },
    { url = "https://files.pythonhosted.org/packages/83/90/823ff5d5058338f55f8ad060dddebe9cb279e2f2b780b47faae55be1c537/xxhash-3.5.0-pp38-pypy38_pp73-manylinux_2_5_i686.manylinux1_i686.manylinux_2_17_i686.manylinux2014_i686.whl", hash = "sha256:38c384c434021e4f62b8d9ba0bc9467e14d394893077e2c66d826243025e1f81", size = 40513 },
    { url = "https://files.pythonhosted.org/packages/23/9b/401ae46144c4baaf4e62a171e23d19ee3ee438c6c9973707575c0add920a/xxhash-3.5.0-pp38-pypy38_pp73-win_amd64.whl", hash = "sha256:e6a4dd644d72ab316b580a1c120b375890e4c52ec392d4aef3c63361ec4d77d1", size = 30104 },
    { url = "https://files.pythonhosted.org/packages/c2/56/30d3df421814947f9d782b20c9b7e5e957f3791cbd89874578011daafcbd/xxhash-3.5.0-pp39-pypy39_pp73-macosx_10_15_x86_64.whl", hash = "sha256:531af8845aaadcadf951b7e0c1345c6b9c68a990eeb74ff9acd8501a0ad6a1c9", size = 29734 },
    { url = "https://files.pythonhosted.org/packages/82/dd/3c42a1f022ad0d82c852d3cb65493ebac03dcfa8c994465a5fb052b00e3c/xxhash-3.5.0-pp39-pypy39_pp73-manylinux_2_17_aarch64.manylinux2014_aarch64.whl", hash = "sha256:7ce379bcaa9fcc00f19affa7773084dd09f5b59947b3fb47a1ceb0179f91aaa1", size = 36216 },
    { url = "https://files.pythonhosted.org/packages/b2/40/8f902ab3bebda228a9b4de69eba988280285a7f7f167b942bc20bb562df9/xxhash-3.5.0-pp39-pypy39_pp73-manylinux_2_17_x86_64.manylinux2014_x86_64.whl", hash = "sha256:fd1b2281d01723f076df3c8188f43f2472248a6b63118b036e641243656b1b0f", size = 32042 },
    { url = "https://files.pythonhosted.org/packages/db/87/bd06beb8ccaa0e9e577c9b909a49cfa5c5cd2ca46034342d72dd9ce5bc56/xxhash-3.5.0-pp39-pypy39_pp73-manylinux_2_5_i686.manylinux1_i686.manylinux_2_17_i686.manylinux2014_i686.whl", hash = "sha256:9c770750cc80e8694492244bca7251385188bc5597b6a39d98a9f30e8da984e0", size = 40516 },
    { url = "https://files.pythonhosted.org/packages/bb/f8/505385e2fbd753ddcaafd5550eabe86f6232cbebabad3b2508d411b19153/xxhash-3.5.0-pp39-pypy39_pp73-win_amd64.whl", hash = "sha256:b150b8467852e1bd844387459aa6fbe11d7f38b56e901f9f3b3e6aba0d660240", size = 30108 },
]
